{
  "version": "3",
  "packages": {
    "specifiers": {
      "jsr:@std/async@^1.0.0-rc.1": "jsr:@std/async@1.0.0-rc.2",
      "jsr:@std/cli@^0.224.7": "jsr:@std/cli@0.224.7",
      "jsr:@std/encoding@1.0.0-rc.2": "jsr:@std/encoding@1.0.0-rc.2",
      "jsr:@std/fmt@^0.225.4": "jsr:@std/fmt@0.225.4",
      "jsr:@std/fs@^0.229.3": "jsr:@std/fs@0.229.3",
      "jsr:@std/http@^0.224.5": "jsr:@std/http@0.224.5",
      "jsr:@std/media-types@^1.0.0-rc.1": "jsr:@std/media-types@1.0.0",
      "jsr:@std/net@^0.224.3": "jsr:@std/net@0.224.3",
      "jsr:@std/path@1.0.0-rc.1": "jsr:@std/path@1.0.0-rc.1",
      "jsr:@std/path@1.0.0-rc.2": "jsr:@std/path@1.0.0-rc.2",
      "jsr:@std/streams@^0.224.5": "jsr:@std/streams@0.224.5"
    },
    "jsr": {
      "@std/async@1.0.0-rc.2": {
        "integrity": "f3fe96c78e85c180fe31c3248da2e32d17f7e90ce5fe2765eb7c18861eaf13e1"
      },
      "@std/cli@0.224.7": {
        "integrity": "654ca6477518e5e3a0d3fabafb2789e92b8c0febf1a1d24ba4b567aba94b5977"
      },
      "@std/encoding@1.0.0-rc.2": {
        "integrity": "160d7674a20ebfbccdf610b3801fee91cf6e42d1c106dd46bbaf46e395cd35ef"
      },
      "@std/fmt@0.225.4": {
        "integrity": "584c681cf422b70e28959b57e59012823609c087384cbf12d05f67814797fda3"
      },
      "@std/fs@0.229.3": {
        "integrity": "783bca21f24da92e04c3893c9e79653227ab016c48e96b3078377ebd5222e6eb",
        "dependencies": [
          "jsr:@std/path@1.0.0-rc.1"
        ]
      },
      "@std/http@0.224.5": {
        "integrity": "b03b5d1529f6c423badfb82f6640f9f2557b4034cd7c30655ba5bb447ff750a4",
        "dependencies": [
          "jsr:@std/async@^1.0.0-rc.1",
          "jsr:@std/cli@^0.224.7",
          "jsr:@std/encoding@1.0.0-rc.2",
          "jsr:@std/fmt@^0.225.4",
          "jsr:@std/media-types@^1.0.0-rc.1",
          "jsr:@std/net@^0.224.3",
          "jsr:@std/path@1.0.0-rc.2",
          "jsr:@std/streams@^0.224.5"
        ]
      },
      "@std/media-types@1.0.0": {
        "integrity": "58ff81ce1f7af8c46304a52482db804c42936492daad19c0bd5d887832737d2b"
      },
      "@std/net@0.224.3": {
        "integrity": "a6257b9a35a4f299a0a9d4a4b76aef1f90ad05572374c5267c6c51a2ec41dfba"
      },
      "@std/path@1.0.0-rc.1": {
        "integrity": "b8c00ae2f19106a6bb7cbf1ab9be52aa70de1605daeb2dbdc4f87a7cbaf10ff6"
      },
      "@std/path@1.0.0-rc.2": {
        "integrity": "39f20d37a44d1867abac8d91c169359ea6e942237a45a99ee1e091b32b921c7d"
      },
      "@std/streams@0.224.5": {
        "integrity": "bcde7818dd5460d474cdbd674b15f6638b9cd73cd64e52bd852fba2bd4d8ec91"
      }
    }
  },
  "remote": {
    "https://deno.land/x/css@0.3.0/ast/ast.ts": "9490c09ccd26d8dfc2bb095a56c0d1bf6bf08fe454d8fcc9ca533f68bce0e0c6",
    "https://deno.land/x/css@0.3.0/ast/mod.ts": "60dc7ad6022b73ed0119bc80c034b92f42b39ebecb2f4246d169c75767f71b79",
    "https://deno.land/x/css@0.3.0/ast/node.ts": "e52412b666b70d3e757ed4180546e04ffd4cd8b638d766d7e6b5bdf8f3fe2807",
    "https://deno.land/x/css@0.3.0/ast/token.ts": "b36b69a97f87a2b222b33dd03a6f9699ca66980fc62e53ff36fc856d682396bc",
    "https://deno.land/x/css@0.3.0/core/lexer/lexer.ts": "4260365331a970526566e773e3399a0a90420c5fc18eb76664a5d9d36fe36c63",
    "https://deno.land/x/css@0.3.0/core/parser/parser.ts": "c9fc6db27f346e7a34b66ea19232e1540e9c88f477da3246f6b3a3efae11c0a9",
    "https://deno.land/x/css@0.3.0/debug/debug.js": "fb6774490c1c6236453837d8507a1df32270eabff568ec991355cfcb7ca47f2b",
    "https://deno.land/x/css@0.3.0/mod.ts": "e9f5f17cfeb7843732291c263e0a912c31861465680b2234079e9a7dfd7de178"
  },
  "workspace": {
    "dependencies": [
      "jsr:@std/fs@^0.229.3",
      "jsr:@std/http@^0.224.5"
    ]
  }
}
